
Microsoft Visual Studio Solution File, Format Version 12.00
# Visual Studio 15
VisualStudioVersion = 15.0.27703.2018
MinimumVisualStudioVersion = 10.0.40219.1
Project("{00D1A9C2-B5F0-4AF3-8072-F6C62B433612}") = "Database1", "Database1\Database1.sqlproj", "{2E433EA8-593B-4042-9720-45812A80EA1E}"
EndProject
Global
	GlobalSection(SolutionConfigurationPlatforms) = preSolution
		Debug|Any CPU = Debug|Any CPU
		Release|Any CPU = Release|Any CPU
	EndGlobalSection
	GlobalSection(ProjectConfigurationPlatforms) = postSolution
		{2E433EA8-593B-4042-9720-45812A80EA1E}.Debug|Any CPU.ActiveCfg = Debug|Any CPU
		{2E433EA8-593B-4042-9720-45812A80EA1E}.Debug|Any CPU.Build.0 = Debug|Any CPU
		{2E433EA8-593B-4042-9720-45812A80EA1E}.Debug|Any CPU.Deploy.0 = Debug|Any CPU
		{2E433EA8-593B-4042-9720-45812A80EA1E}.Release|Any CPU.ActiveCfg = Release|Any CPU
		{2E433EA8-593B-4042-9720-45812A80EA1E}.Release|Any CPU.Build.0 = Release|Any CPU
		{2E433EA8-593B-4042-9720-45812A80EA1E}.Release|Any CPU.Deploy.0 = Release|Any CPU
	EndGlobalSection
	GlobalSection(SolutionProperties) = preSolution
		HideSolutionNode = FALSE
	EndGlobalSection
	GlobalSection(ExtensibilityGlobals) = postSolution
		SolutionGuid = {AD3DD233-2359-4B1D-86EE-D400847F2DCD}
	EndGlobalSection
EndGlobal
